PODS:
  - lottie-ios (2.5.0)
  - Mantle (1.5.8):
    - Mantle/extobjc (= 1.5.8)
  - Mantle/extobjc (1.5.8)
  - Masonry (1.1.0)
  - MJRefresh (3.1.15.3)
  - ReactiveObjC (3.1.0)
  - RxCocoa (4.3.0):
    - RxSwift (~> 4.0)
  - RxSwift (4.3.0)

DEPENDENCIES:
  - lottie-ios
  - Mantle (~> 1.0)
  - Masonry (~> 1.0)
  - MJRefresh (~> 3.1.0)
  - ReactiveObjC (~> 3.1.0)
  - RxCocoa (~> 4.0)
  - RxSwift (~> 4.0)

SPEC REPOS:
  https://github.com/cocoapods/specs.git:
    - lottie-ios
    - Mantle
    - Masonry
    - MJRefresh
    - ReactiveObjC
    - RxCocoa
    - RxSwift

SPEC CHECKSUMS:
  lottie-ios: d699fdee68d7b63e721d949388b015fef1aaa4ac
  Mantle: f03b2b606c3f0cabd80214ad8a2fed6b464a7359
  Masonry: 678fab65091a9290e40e2832a55e7ab731aad201
  MJRefresh: b48380ae2b927b46c4ef000de9adb8dc748e1df7
  ReactiveObjC: 2a38ea15335de4119d8b17caf1db1484f61db902
  RxCocoa: 71b9cce833fbcb89a8eec11816dd225830c2bd3c
  RxSwift: a9717a34df3179fe63563f76e046ad345078dd3a

PODFILE CHECKSUM: 1a17cea8faff772c1d5cad85e77b4541b7ff149f

COCOAPODS: 1.5.3
